<?xml version="1.0" encoding="UTF-8" standalone="yes" ?>
<CodeBlocks_project_file>
	<FileVersion major="1" minor="6" />
	<Project>
		<Option title="Gerber2pdf" />
		<Option pch_mode="2" />
		<Option compiler="gcc" />
		<Build>
			<Target title="Release">
				<Option output="bin/Gerber2pdf" prefix_auto="1" extension_auto="1" />
				<Option working_dir="bin/" />
				<Option object_output="obj/" />
				<Option type="1" />
				<Option compiler="gcc" />
				<Option use_console_runner="0" />
				<Compiler>
					<Add option="-O2" />
				</Compiler>
				<Linker>
					<Add option="-s" />
				</Linker>
			</Target>
		</Build>
		<Compiler>
			<Add option="-Wall" />
			<Add option="-fexceptions" />
			<Add directory="Tools/Deflate" />
			<Add directory="Tools/PDF" />
			<Add directory="Tools/String" />
			<Add directory="Tools/File" />
			<Add directory="Tools/Gerber" />
		</Compiler>
		<Unit filename="Tools/Deflate/JDeflate.cpp" />
		<Unit filename="Tools/Deflate/JDeflate.h" />
		<Unit filename="Tools/File/JFile.cpp" />
		<Unit filename="Tools/File/JFile.h" />
		<Unit filename="Tools/Gerber/Gerber/GerberAperture.cpp" />
		<Unit filename="Tools/Gerber/Gerber/GerberAperture.h" />
		<Unit filename="Tools/Gerber/Gerber/GerberEnums.h" />
		<Unit filename="Tools/Gerber/Gerber/GerberLevel.cpp" />
		<Unit filename="Tools/Gerber/Gerber/GerberLevel.h" />
		<Unit filename="Tools/Gerber/Gerber/GerberMacro.cpp" />
		<Unit filename="Tools/Gerber/Gerber/GerberMacro.h" />
		<Unit filename="Tools/Gerber/Gerber/GerberRender.cpp" />
		<Unit filename="Tools/Gerber/Gerber/GerberRender.h" />
		<Unit filename="Tools/Gerber/JGerber.cpp" />
		<Unit filename="Tools/Gerber/JGerber.h" />
		<Unit filename="Tools/PDF/JPDF.cpp" />
		<Unit filename="Tools/PDF/JPDF.h" />
		<Unit filename="Tools/PDF/afm/afmParser.cpp" />
		<Unit filename="Tools/PDF/afm/afmParser.h" />
		<Unit filename="Tools/PDF/pdf/pdfAnnotation.cpp" />
		<Unit filename="Tools/PDF/pdf/pdfAnnotation.h" />
		<Unit filename="Tools/PDF/pdf/pdfArray.cpp" />
		<Unit filename="Tools/PDF/pdf/pdfArray.h" />
		<Unit filename="Tools/PDF/pdf/pdfBool.cpp" />
		<Unit filename="Tools/PDF/pdf/pdfBool.h" />
		<Unit filename="Tools/PDF/pdf/pdfCatalogue.cpp" />
		<Unit filename="Tools/PDF/pdf/pdfCatalogue.h" />
		<Unit filename="Tools/PDF/pdf/pdfContents.cpp" />
		<Unit filename="Tools/PDF/pdf/pdfContents.h" />
		<Unit filename="Tools/PDF/pdf/pdfCustomFont.cpp" />
		<Unit filename="Tools/PDF/pdf/pdfCustomFont.h" />
		<Unit filename="Tools/PDF/pdf/pdfDest.cpp" />
		<Unit filename="Tools/PDF/pdf/pdfDest.h" />
		<Unit filename="Tools/PDF/pdf/pdfDictionary.cpp" />
		<Unit filename="Tools/PDF/pdf/pdfDictionary.h" />
		<Unit filename="Tools/PDF/pdf/pdfDingbats.h" />
		<Unit filename="Tools/PDF/pdf/pdfFont.cpp" />
		<Unit filename="Tools/PDF/pdf/pdfFont.h" />
		<Unit filename="Tools/PDF/pdf/pdfFontDescriptor.cpp" />
		<Unit filename="Tools/PDF/pdf/pdfFontDescriptor.h" />
		<Unit filename="Tools/PDF/pdf/pdfFontFile.cpp" />
		<Unit filename="Tools/PDF/pdf/pdfFontFile.h" />
		<Unit filename="Tools/PDF/pdf/pdfFontMetrics.cpp" />
		<Unit filename="Tools/PDF/pdf/pdfFontMetrics.h" />
		<Unit filename="Tools/PDF/pdf/pdfForm.cpp" />
		<Unit filename="Tools/PDF/pdf/pdfForm.h" />
		<Unit filename="Tools/PDF/pdf/pdfHyperlink.cpp" />
		<Unit filename="Tools/PDF/pdf/pdfHyperlink.h" />
		<Unit filename="Tools/PDF/pdf/pdfImage.cpp" />
		<Unit filename="Tools/PDF/pdf/pdfImage.h" />
		<Unit filename="Tools/PDF/pdf/pdfIndirect.cpp" />
		<Unit filename="Tools/PDF/pdf/pdfIndirect.h" />
		<Unit filename="Tools/PDF/pdf/pdfJPEG.cpp" />
		<Unit filename="Tools/PDF/pdf/pdfJPEG.h" />
		<Unit filename="Tools/PDF/pdf/pdfName.cpp" />
		<Unit filename="Tools/PDF/pdf/pdfName.h" />
		<Unit filename="Tools/PDF/pdf/pdfNumber.cpp" />
		<Unit filename="Tools/PDF/pdf/pdfNumber.h" />
		<Unit filename="Tools/PDF/pdf/pdfObject.cpp" />
		<Unit filename="Tools/PDF/pdf/pdfObject.h" />
		<Unit filename="Tools/PDF/pdf/pdfOpague.cpp" />
		<Unit filename="Tools/PDF/pdf/pdfOpague.h" />
		<Unit filename="Tools/PDF/pdf/pdfOutlineItems.cpp" />
		<Unit filename="Tools/PDF/pdf/pdfOutlineItems.h" />
		<Unit filename="Tools/PDF/pdf/pdfOutlines.cpp" />
		<Unit filename="Tools/PDF/pdf/pdfOutlines.h" />
		<Unit filename="Tools/PDF/pdf/pdfPNG.cpp" />
		<Unit filename="Tools/PDF/pdf/pdfPNG.h" />
		<Unit filename="Tools/PDF/pdf/pdfPage.cpp" />
		<Unit filename="Tools/PDF/pdf/pdfPage.h" />
		<Unit filename="Tools/PDF/pdf/pdfPages.cpp" />
		<Unit filename="Tools/PDF/pdf/pdfPages.h" />
		<Unit filename="Tools/PDF/pdf/pdfRectangle.cpp" />
		<Unit filename="Tools/PDF/pdf/pdfRectangle.h" />
		<Unit filename="Tools/PDF/pdf/pdfResources.cpp" />
		<Unit filename="Tools/PDF/pdf/pdfResources.h" />
		<Unit filename="Tools/PDF/pdf/pdfStream.cpp" />
		<Unit filename="Tools/PDF/pdf/pdfStream.h" />
		<Unit filename="Tools/PDF/pdf/pdfString.cpp" />
		<Unit filename="Tools/PDF/pdf/pdfString.h" />
		<Unit filename="Tools/PDF/pdf/pdfSymbols.h" />
		<Unit filename="Tools/PDF/pdf/pdfType1Font.cpp" />
		<Unit filename="Tools/PDF/pdf/pdfType1Font.h" />
		<Unit filename="Tools/PDF/pdf/pdfType3Font.cpp" />
		<Unit filename="Tools/PDF/pdf/pdfType3Font.h" />
		<Unit filename="Tools/String/JString.cpp" />
		<Unit filename="Tools/String/JString.h" />
		<Unit filename="main.cpp" />
		<Extensions>
			<code_completion />
			<debugger />
			<envvars />
		</Extensions>
	</Project>
</CodeBlocks_project_file>
